{
  "requires": true,
  "lockfileVersion": 1,
  "dependencies": {
    "steamapi": {
      "version": "2.0.7",
      "resolved": "https://registry.npmjs.org/steamapi/-/steamapi-2.0.7.tgz",
      "integrity": "sha512-hmGMgqf5y0baGWXWnkr7hpX9PIf6l5nTXz+UQumVpEKP6lBZ3+D0434uuzAeBeHRTIBH1/wut00n/oQs6EpzmA=="
    }
  }
}
